
Microsoft Visual Studio Solution File, Format Version 12.00
# Visual Studio 15
VisualStudioVersion = 15.0.27004.2009
MinimumVisualStudioVersion = 10.0.40219.1
Project("{FAE04EC0-301F-11D3-BF4B-00C04F79EFBC}") = "Notatnik.Android", "Notatnik.Android\Notatnik.Android.csproj", "{E12C0B84-6DEF-405D-BD27-803565619C56}"
EndProject
Project("{FAE04EC0-301F-11D3-BF4B-00C04F79EFBC}") = "Notatnik.iOS", "Notatnik.iOS\Notatnik.iOS.csproj", "{EDF693BE-17AF-4F5D-AE0C-5A2C61D9B4E6}"
EndProject
Project("{FAE04EC0-301F-11D3-BF4B-00C04F79EFBC}") = "Notatnik.Core", "Notatnik.Core\Notatnik.Core.csproj", "{A578ABAF-822D-44B3-B70B-649C641B1C2E}"
EndProject
Project("{FAE04EC0-301F-11D3-BF4B-00C04F79EFBC}") = "Notatnik.Uwp", "Notatnik.Uwp\Notatnik.Uwp.csproj", "{90A27AF2-CCF1-4755-85C4-E24DFECC4026}"
EndProject
Project("{FAE04EC0-301F-11D3-BF4B-00C04F79EFBC}") = "Notatnik.DbLayer", "Notatnik.DbLayer\Notatnik.DbLayer.csproj", "{0603AA48-26A7-4324-B838-C646B3AA88CB}"
EndProject
Global
	GlobalSection(SolutionConfigurationPlatforms) = preSolution
		Ad-Hoc|Any CPU = Ad-Hoc|Any CPU
		Ad-Hoc|ARM = Ad-Hoc|ARM
		Ad-Hoc|iPhone = Ad-Hoc|iPhone
		Ad-Hoc|iPhoneSimulator = Ad-Hoc|iPhoneSimulator
		Ad-Hoc|x64 = Ad-Hoc|x64
		Ad-Hoc|x86 = Ad-Hoc|x86
		AppStore|Any CPU = AppStore|Any CPU
		AppStore|ARM = AppStore|ARM
		AppStore|iPhone = AppStore|iPhone
		AppStore|iPhoneSimulator = AppStore|iPhoneSimulator
		AppStore|x64 = AppStore|x64
		AppStore|x86 = AppStore|x86
		Debug|Any CPU = Debug|Any CPU
		Debug|ARM = Debug|ARM
		Debug|iPhone = Debug|iPhone
		Debug|iPhoneSimulator = Debug|iPhoneSimulator
		Debug|x64 = Debug|x64
		Debug|x86 = Debug|x86
		Release|Any CPU = Release|Any CPU
		Release|ARM = Release|ARM
		Release|iPhone = Release|iPhone
		Release|iPhoneSimulator = Release|iPhoneSimulator
		Release|x64 = Release|x64
		Release|x86 = Release|x86
	EndGlobalSection
	GlobalSection(ProjectConfigurationPlatforms) = postSolution
		{E12C0B84-6DEF-405D-BD27-803565619C56}.Ad-Hoc|Any CPU.ActiveCfg = Release|Any CPU
		{E12C0B84-6DEF-405D-BD27-803565619C56}.Ad-Hoc|Any CPU.Build.0 = Release|Any CPU
		{E12C0B84-6DEF-405D-BD27-803565619C56}.Ad-Hoc|Any CPU.Deploy.0 = Release|Any CPU
		{E12C0B84-6DEF-405D-BD27-803565619C56}.Ad-Hoc|ARM.ActiveCfg = Release|Any CPU
		{E12C0B84-6DEF-405D-BD27-803565619C56}.Ad-Hoc|ARM.Build.0 = Release|Any CPU
		{E12C0B84-6DEF-405D-BD27-803565619C56}.Ad-Hoc|ARM.Deploy.0 = Release|Any CPU
		{E12C0B84-6DEF-405D-BD27-803565619C56}.Ad-Hoc|iPhone.ActiveCfg = Release|Any CPU
		{E12C0B84-6DEF-405D-BD27-803565619C56}.Ad-Hoc|iPhone.Build.0 = Release|Any CPU
		{E12C0B84-6DEF-405D-BD27-803565619C56}.Ad-Hoc|iPhone.Deploy.0 = Release|Any CPU
		{E12C0B84-6DEF-405D-BD27-803565619C56}.Ad-Hoc|iPhoneSimulator.ActiveCfg = Release|Any CPU
		{E12C0B84-6DEF-405D-BD27-803565619C56}.Ad-Hoc|iPhoneSimulator.Build.0 = Release|Any CPU
		{E12C0B84-6DEF-405D-BD27-803565619C56}.Ad-Hoc|iPhoneSimulator.Deploy.0 = Release|Any CPU
		{E12C0B84-6DEF-405D-BD27-803565619C56}.Ad-Hoc|x64.ActiveCfg = Release|Any CPU
		{E12C0B84-6DEF-405D-BD27-803565619C56}.Ad-Hoc|x64.Build.0 = Release|Any CPU
		{E12C0B84-6DEF-405D-BD27-803565619C56}.Ad-Hoc|x64.Deploy.0 = Release|Any CPU
		{E12C0B84-6DEF-405D-BD27-803565619C56}.Ad-Hoc|x86.ActiveCfg = Release|Any CPU
		{E12C0B84-6DEF-405D-BD27-803565619C56}.Ad-Hoc|x86.Build.0 = Release|Any CPU
		{E12C0B84-6DEF-405D-BD27-803565619C56}.Ad-Hoc|x86.Deploy.0 = Release|Any CPU
		{E12C0B84-6DEF-405D-BD27-803565619C56}.AppStore|Any CPU.ActiveCfg = Release|Any CPU
		{E12C0B84-6DEF-405D-BD27-803565619C56}.AppStore|Any CPU.Build.0 = Release|Any CPU
		{E12C0B84-6DEF-405D-BD27-803565619C56}.AppStore|Any CPU.Deploy.0 = Release|Any CPU
		{E12C0B84-6DEF-405D-BD27-803565619C56}.AppStore|ARM.ActiveCfg = Release|Any CPU
		{E12C0B84-6DEF-405D-BD27-803565619C56}.AppStore|ARM.Build.0 = Release|Any CPU
		{E12C0B84-6DEF-405D-BD27-803565619C56}.AppStore|ARM.Deploy.0 = Release|Any CPU
		{E12C0B84-6DEF-405D-BD27-803565619C56}.AppStore|iPhone.ActiveCfg = Release|Any CPU
		{E12C0B84-6DEF-405D-BD27-803565619C56}.AppStore|iPhone.Build.0 = Release|Any CPU
		{E12C0B84-6DEF-405D-BD27-803565619C56}.AppStore|iPhone.Deploy.0 = Release|Any CPU
		{E12C0B84-6DEF-405D-BD27-803565619C56}.AppStore|iPhoneSimulator.ActiveCfg = Release|Any CPU
		{E12C0B84-6DEF-405D-BD27-803565619C56}.AppStore|iPhoneSimulator.Build.0 = Release|Any CPU
		{E12C0B84-6DEF-405D-BD27-803565619C56}.AppStore|iPhoneSimulator.Deploy.0 = Release|Any CPU
		{E12C0B84-6DEF-405D-BD27-803565619C56}.AppStore|x64.ActiveCfg = Release|Any CPU
		{E12C0B84-6DEF-405D-BD27-803565619C56}.AppStore|x64.Build.0 = Release|Any CPU
		{E12C0B84-6DEF-405D-BD27-803565619C56}.AppStore|x64.Deploy.0 = Release|Any CPU
		{E12C0B84-6DEF-405D-BD27-803565619C56}.AppStore|x86.ActiveCfg = Release|Any CPU
		{E12C0B84-6DEF-405D-BD27-803565619C56}.AppStore|x86.Build.0 = Release|Any CPU
		{E12C0B84-6DEF-405D-BD27-803565619C56}.AppStore|x86.Deploy.0 = Release|Any CPU
		{E12C0B84-6DEF-405D-BD27-803565619C56}.Debug|Any CPU.ActiveCfg = Debug|Any CPU
		{E12C0B84-6DEF-405D-BD27-803565619C56}.Debug|Any CPU.Build.0 = Debug|Any CPU
		{E12C0B84-6DEF-405D-BD27-803565619C56}.Debug|Any CPU.Deploy.0 = Debug|Any CPU
		{E12C0B84-6DEF-405D-BD27-803565619C56}.Debug|ARM.ActiveCfg = Debug|Any CPU
		{E12C0B84-6DEF-405D-BD27-803565619C56}.Debug|ARM.Build.0 = Debug|Any CPU
		{E12C0B84-6DEF-405D-BD27-803565619C56}.Debug|ARM.Deploy.0 = Debug|Any CPU
		{E12C0B84-6DEF-405D-BD27-803565619C56}.Debug|iPhone.ActiveCfg = Debug|Any CPU
		{E12C0B84-6DEF-405D-BD27-803565619C56}.Debug|iPhone.Build.0 = Debug|Any CPU
		{E12C0B84-6DEF-405D-BD27-803565619C56}.Debug|iPhone.Deploy.0 = Debug|Any CPU
		{E12C0B84-6DEF-405D-BD27-803565619C56}.Debug|iPhoneSimulator.ActiveCfg = Debug|Any CPU
		{E12C0B84-6DEF-405D-BD27-803565619C56}.Debug|iPhoneSimulator.Build.0 = Debug|Any CPU
		{E12C0B84-6DEF-405D-BD27-803565619C56}.Debug|iPhoneSimulator.Deploy.0 = Debug|Any CPU
		{E12C0B84-6DEF-405D-BD27-803565619C56}.Debug|x64.ActiveCfg = Debug|Any CPU
		{E12C0B84-6DEF-405D-BD27-803565619C56}.Debug|x64.Build.0 = Debug|Any CPU
		{E12C0B84-6DEF-405D-BD27-803565619C56}.Debug|x64.Deploy.0 = Debug|Any CPU
		{E12C0B84-6DEF-405D-BD27-803565619C56}.Debug|x86.ActiveCfg = Debug|Any CPU
		{E12C0B84-6DEF-405D-BD27-803565619C56}.Debug|x86.Build.0 = Debug|Any CPU
		{E12C0B84-6DEF-405D-BD27-803565619C56}.Debug|x86.Deploy.0 = Debug|Any CPU
		{E12C0B84-6DEF-405D-BD27-803565619C56}.Release|Any CPU.ActiveCfg = Release|Any CPU
		{E12C0B84-6DEF-405D-BD27-803565619C56}.Release|Any CPU.Build.0 = Release|Any CPU
		{E12C0B84-6DEF-405D-BD27-803565619C56}.Release|Any CPU.Deploy.0 = Release|Any CPU
		{E12C0B84-6DEF-405D-BD27-803565619C56}.Release|ARM.ActiveCfg = Release|Any CPU
		{E12C0B84-6DEF-405D-BD27-803565619C56}.Release|ARM.Build.0 = Release|Any CPU
		{E12C0B84-6DEF-405D-BD27-803565619C56}.Release|ARM.Deploy.0 = Release|Any CPU
		{E12C0B84-6DEF-405D-BD27-803565619C56}.Release|iPhone.ActiveCfg = Release|Any CPU
		{E12C0B84-6DEF-405D-BD27-803565619C56}.Release|iPhone.Build.0 = Release|Any CPU
		{E12C0B84-6DEF-405D-BD27-803565619C56}.Release|iPhone.Deploy.0 = Release|Any CPU
		{E12C0B84-6DEF-405D-BD27-803565619C56}.Release|iPhoneSimulator.ActiveCfg = Release|Any CPU
		{E12C0B84-6DEF-405D-BD27-803565619C56}.Release|iPhoneSimulator.Build.0 = Release|Any CPU
		{E12C0B84-6DEF-405D-BD27-803565619C56}.Release|iPhoneSimulator.Deploy.0 = Release|Any CPU
		{E12C0B84-6DEF-405D-BD27-803565619C56}.Release|x64.ActiveCfg = Release|Any CPU
		{E12C0B84-6DEF-405D-BD27-803565619C56}.Release|x64.Build.0 = Release|Any CPU
		{E12C0B84-6DEF-405D-BD27-803565619C56}.Release|x64.Deploy.0 = Release|Any CPU
		{E12C0B84-6DEF-405D-BD27-803565619C56}.Release|x86.ActiveCfg = Release|Any CPU
		{E12C0B84-6DEF-405D-BD27-803565619C56}.Release|x86.Build.0 = Release|Any CPU
		{E12C0B84-6DEF-405D-BD27-803565619C56}.Release|x86.Deploy.0 = Release|Any CPU
		{EDF693BE-17AF-4F5D-AE0C-5A2C61D9B4E6}.Ad-Hoc|Any CPU.ActiveCfg = Ad-Hoc|iPhone
		{EDF693BE-17AF-4F5D-AE0C-5A2C61D9B4E6}.Ad-Hoc|ARM.ActiveCfg = Ad-Hoc|iPhone
		{EDF693BE-17AF-4F5D-AE0C-5A2C61D9B4E6}.Ad-Hoc|iPhone.ActiveCfg = Ad-Hoc|iPhone
		{EDF693BE-17AF-4F5D-AE0C-5A2C61D9B4E6}.Ad-Hoc|iPhone.Build.0 = Ad-Hoc|iPhone
		{EDF693BE-17AF-4F5D-AE0C-5A2C61D9B4E6}.Ad-Hoc|iPhoneSimulator.ActiveCfg = Ad-Hoc|iPhoneSimulator
		{EDF693BE-17AF-4F5D-AE0C-5A2C61D9B4E6}.Ad-Hoc|iPhoneSimulator.Build.0 = Ad-Hoc|iPhoneSimulator
		{EDF693BE-17AF-4F5D-AE0C-5A2C61D9B4E6}.Ad-Hoc|x64.ActiveCfg = Ad-Hoc|iPhone
		{EDF693BE-17AF-4F5D-AE0C-5A2C61D9B4E6}.Ad-Hoc|x86.ActiveCfg = Ad-Hoc|iPhone
		{EDF693BE-17AF-4F5D-AE0C-5A2C61D9B4E6}.AppStore|Any CPU.ActiveCfg = AppStore|iPhone
		{EDF693BE-17AF-4F5D-AE0C-5A2C61D9B4E6}.AppStore|ARM.ActiveCfg = AppStore|iPhone
		{EDF693BE-17AF-4F5D-AE0C-5A2C61D9B4E6}.AppStore|iPhone.ActiveCfg = AppStore|iPhone
		{EDF693BE-17AF-4F5D-AE0C-5A2C61D9B4E6}.AppStore|iPhone.Build.0 = AppStore|iPhone
		{EDF693BE-17AF-4F5D-AE0C-5A2C61D9B4E6}.AppStore|iPhoneSimulator.ActiveCfg = AppStore|iPhoneSimulator
		{EDF693BE-17AF-4F5D-AE0C-5A2C61D9B4E6}.AppStore|iPhoneSimulator.Build.0 = AppStore|iPhoneSimulator
		{EDF693BE-17AF-4F5D-AE0C-5A2C61D9B4E6}.AppStore|x64.ActiveCfg = AppStore|iPhone
		{EDF693BE-17AF-4F5D-AE0C-5A2C61D9B4E6}.AppStore|x86.ActiveCfg = AppStore|iPhone
		{EDF693BE-17AF-4F5D-AE0C-5A2C61D9B4E6}.Debug|Any CPU.ActiveCfg = Debug|iPhone
		{EDF693BE-17AF-4F5D-AE0C-5A2C61D9B4E6}.Debug|ARM.ActiveCfg = Debug|iPhone
		{EDF693BE-17AF-4F5D-AE0C-5A2C61D9B4E6}.Debug|iPhone.ActiveCfg = Debug|iPhone
		{EDF693BE-17AF-4F5D-AE0C-5A2C61D9B4E6}.Debug|iPhone.Build.0 = Debug|iPhone
		{EDF693BE-17AF-4F5D-AE0C-5A2C61D9B4E6}.Debug|iPhoneSimulator.ActiveCfg = Debug|iPhoneSimulator
		{EDF693BE-17AF-4F5D-AE0C-5A2C61D9B4E6}.Debug|iPhoneSimulator.Build.0 = Debug|iPhoneSimulator
		{EDF693BE-17AF-4F5D-AE0C-5A2C61D9B4E6}.Debug|x64.ActiveCfg = Debug|iPhone
		{EDF693BE-17AF-4F5D-AE0C-5A2C61D9B4E6}.Debug|x86.ActiveCfg = Debug|iPhone
		{EDF693BE-17AF-4F5D-AE0C-5A2C61D9B4E6}.Release|Any CPU.ActiveCfg = Release|iPhone
		{EDF693BE-17AF-4F5D-AE0C-5A2C61D9B4E6}.Release|ARM.ActiveCfg = Release|iPhone
		{EDF693BE-17AF-4F5D-AE0C-5A2C61D9B4E6}.Release|iPhone.ActiveCfg = Release|iPhone
		{EDF693BE-17AF-4F5D-AE0C-5A2C61D9B4E6}.Release|iPhone.Build.0 = Release|iPhone
		{EDF693BE-17AF-4F5D-AE0C-5A2C61D9B4E6}.Release|iPhoneSimulator.ActiveCfg = Release|iPhoneSimulator
		{EDF693BE-17AF-4F5D-AE0C-5A2C61D9B4E6}.Release|iPhoneSimulator.Build.0 = Release|iPhoneSimulator
		{EDF693BE-17AF-4F5D-AE0C-5A2C61D9B4E6}.Release|x64.ActiveCfg = Release|iPhone
		{EDF693BE-17AF-4F5D-AE0C-5A2C61D9B4E6}.Release|x86.ActiveCfg = Release|iPhone
		{A578ABAF-822D-44B3-B70B-649C641B1C2E}.Ad-Hoc|Any CPU.ActiveCfg = Release|Any CPU
		{A578ABAF-822D-44B3-B70B-649C641B1C2E}.Ad-Hoc|Any CPU.Build.0 = Release|Any CPU
		{A578ABAF-822D-44B3-B70B-649C641B1C2E}.Ad-Hoc|ARM.ActiveCfg = Release|Any CPU
		{A578ABAF-822D-44B3-B70B-649C641B1C2E}.Ad-Hoc|ARM.Build.0 = Release|Any CPU
		{A578ABAF-822D-44B3-B70B-649C641B1C2E}.Ad-Hoc|iPhone.ActiveCfg = Release|Any CPU
		{A578ABAF-822D-44B3-B70B-649C641B1C2E}.Ad-Hoc|iPhone.Build.0 = Release|Any CPU
		{A578ABAF-822D-44B3-B70B-649C641B1C2E}.Ad-Hoc|iPhoneSimulator.ActiveCfg = Release|Any CPU
		{A578ABAF-822D-44B3-B70B-649C641B1C2E}.Ad-Hoc|iPhoneSimulator.Build.0 = Release|Any CPU
		{A578ABAF-822D-44B3-B70B-649C641B1C2E}.Ad-Hoc|x64.ActiveCfg = Release|Any CPU
		{A578ABAF-822D-44B3-B70B-649C641B1C2E}.Ad-Hoc|x64.Build.0 = Release|Any CPU
		{A578ABAF-822D-44B3-B70B-649C641B1C2E}.Ad-Hoc|x86.ActiveCfg = Release|Any CPU
		{A578ABAF-822D-44B3-B70B-649C641B1C2E}.Ad-Hoc|x86.Build.0 = Release|Any CPU
		{A578ABAF-822D-44B3-B70B-649C641B1C2E}.AppStore|Any CPU.ActiveCfg = Release|Any CPU
		{A578ABAF-822D-44B3-B70B-649C641B1C2E}.AppStore|Any CPU.Build.0 = Release|Any CPU
		{A578ABAF-822D-44B3-B70B-649C641B1C2E}.AppStore|ARM.ActiveCfg = Release|Any CPU
		{A578ABAF-822D-44B3-B70B-649C641B1C2E}.AppStore|ARM.Build.0 = Release|Any CPU
		{A578ABAF-822D-44B3-B70B-649C641B1C2E}.AppStore|iPhone.ActiveCfg = Release|Any CPU
		{A578ABAF-822D-44B3-B70B-649C641B1C2E}.AppStore|iPhone.Build.0 = Release|Any CPU
		{A578ABAF-822D-44B3-B70B-649C641B1C2E}.AppStore|iPhoneSimulator.ActiveCfg = Release|Any CPU
		{A578ABAF-822D-44B3-B70B-649C641B1C2E}.AppStore|iPhoneSimulator.Build.0 = Release|Any CPU
		{A578ABAF-822D-44B3-B70B-649C641B1C2E}.AppStore|x64.ActiveCfg = Release|Any CPU
		{A578ABAF-822D-44B3-B70B-649C641B1C2E}.AppStore|x64.Build.0 = Release|Any CPU
		{A578ABAF-822D-44B3-B70B-649C641B1C2E}.AppStore|x86.ActiveCfg = Release|Any CPU
		{A578ABAF-822D-44B3-B70B-649C641B1C2E}.AppStore|x86.Build.0 = Release|Any CPU
		{A578ABAF-822D-44B3-B70B-649C641B1C2E}.Debug|Any CPU.ActiveCfg = Debug|Any CPU
		{A578ABAF-822D-44B3-B70B-649C641B1C2E}.Debug|Any CPU.Build.0 = Debug|Any CPU
		{A578ABAF-822D-44B3-B70B-649C641B1C2E}.Debug|ARM.ActiveCfg = Debug|Any CPU
		{A578ABAF-822D-44B3-B70B-649C641B1C2E}.Debug|ARM.Build.0 = Debug|Any CPU
		{A578ABAF-822D-44B3-B70B-649C641B1C2E}.Debug|iPhone.ActiveCfg = Debug|Any CPU
		{A578ABAF-822D-44B3-B70B-649C641B1C2E}.Debug|iPhone.Build.0 = Debug|Any CPU
		{A578ABAF-822D-44B3-B70B-649C641B1C2E}.Debug|iPhoneSimulator.ActiveCfg = Debug|Any CPU
		{A578ABAF-822D-44B3-B70B-649C641B1C2E}.Debug|iPhoneSimulator.Build.0 = Debug|Any CPU
		{A578ABAF-822D-44B3-B70B-649C641B1C2E}.Debug|x64.ActiveCfg = Debug|Any CPU
		{A578ABAF-822D-44B3-B70B-649C641B1C2E}.Debug|x64.Build.0 = Debug|Any CPU
		{A578ABAF-822D-44B3-B70B-649C641B1C2E}.Debug|x86.ActiveCfg = Debug|Any CPU
		{A578ABAF-822D-44B3-B70B-649C641B1C2E}.Debug|x86.Build.0 = Debug|Any CPU
		{A578ABAF-822D-44B3-B70B-649C641B1C2E}.Release|Any CPU.ActiveCfg = Release|Any CPU
		{A578ABAF-822D-44B3-B70B-649C641B1C2E}.Release|Any CPU.Build.0 = Release|Any CPU
		{A578ABAF-822D-44B3-B70B-649C641B1C2E}.Release|ARM.ActiveCfg = Release|Any CPU
		{A578ABAF-822D-44B3-B70B-649C641B1C2E}.Release|ARM.Build.0 = Release|Any CPU
		{A578ABAF-822D-44B3-B70B-649C641B1C2E}.Release|iPhone.ActiveCfg = Release|Any CPU
		{A578ABAF-822D-44B3-B70B-649C641B1C2E}.Release|iPhone.Build.0 = Release|Any CPU
		{A578ABAF-822D-44B3-B70B-649C641B1C2E}.Release|iPhoneSimulator.ActiveCfg = Release|Any CPU
		{A578ABAF-822D-44B3-B70B-649C641B1C2E}.Release|iPhoneSimulator.Build.0 = Release|Any CPU
		{A578ABAF-822D-44B3-B70B-649C641B1C2E}.Release|x64.ActiveCfg = Release|Any CPU
		{A578ABAF-822D-44B3-B70B-649C641B1C2E}.Release|x64.Build.0 = Release|Any CPU
		{A578ABAF-822D-44B3-B70B-649C641B1C2E}.Release|x86.ActiveCfg = Release|Any CPU
		{A578ABAF-822D-44B3-B70B-649C641B1C2E}.Release|x86.Build.0 = Release|Any CPU
		{90A27AF2-CCF1-4755-85C4-E24DFECC4026}.Ad-Hoc|Any CPU.ActiveCfg = Release|x64
		{90A27AF2-CCF1-4755-85C4-E24DFECC4026}.Ad-Hoc|Any CPU.Build.0 = Release|x64
		{90A27AF2-CCF1-4755-85C4-E24DFECC4026}.Ad-Hoc|Any CPU.Deploy.0 = Release|x64
		{90A27AF2-CCF1-4755-85C4-E24DFECC4026}.Ad-Hoc|ARM.ActiveCfg = Release|ARM
		{90A27AF2-CCF1-4755-85C4-E24DFECC4026}.Ad-Hoc|ARM.Build.0 = Release|ARM
		{90A27AF2-CCF1-4755-85C4-E24DFECC4026}.Ad-Hoc|ARM.Deploy.0 = Release|ARM
		{90A27AF2-CCF1-4755-85C4-E24DFECC4026}.Ad-Hoc|iPhone.ActiveCfg = Release|x64
		{90A27AF2-CCF1-4755-85C4-E24DFECC4026}.Ad-Hoc|iPhone.Build.0 = Release|x64
		{90A27AF2-CCF1-4755-85C4-E24DFECC4026}.Ad-Hoc|iPhone.Deploy.0 = Release|x64
		{90A27AF2-CCF1-4755-85C4-E24DFECC4026}.Ad-Hoc|iPhoneSimulator.ActiveCfg = Release|x64
		{90A27AF2-CCF1-4755-85C4-E24DFECC4026}.Ad-Hoc|iPhoneSimulator.Build.0 = Release|x64
		{90A27AF2-CCF1-4755-85C4-E24DFECC4026}.Ad-Hoc|iPhoneSimulator.Deploy.0 = Release|x64
		{90A27AF2-CCF1-4755-85C4-E24DFECC4026}.Ad-Hoc|x64.ActiveCfg = Release|x64
		{90A27AF2-CCF1-4755-85C4-E24DFECC4026}.Ad-Hoc|x64.Build.0 = Release|x64
		{90A27AF2-CCF1-4755-85C4-E24DFECC4026}.Ad-Hoc|x64.Deploy.0 = Release|x64
		{90A27AF2-CCF1-4755-85C4-E24DFECC4026}.Ad-Hoc|x86.ActiveCfg = Release|x86
		{90A27AF2-CCF1-4755-85C4-E24DFECC4026}.Ad-Hoc|x86.Build.0 = Release|x86
		{90A27AF2-CCF1-4755-85C4-E24DFECC4026}.Ad-Hoc|x86.Deploy.0 = Release|x86
		{90A27AF2-CCF1-4755-85C4-E24DFECC4026}.AppStore|Any CPU.ActiveCfg = Release|x64
		{90A27AF2-CCF1-4755-85C4-E24DFECC4026}.AppStore|Any CPU.Build.0 = Release|x64
		{90A27AF2-CCF1-4755-85C4-E24DFECC4026}.AppStore|Any CPU.Deploy.0 = Release|x64
		{90A27AF2-CCF1-4755-85C4-E24DFECC4026}.AppStore|ARM.ActiveCfg = Release|ARM
		{90A27AF2-CCF1-4755-85C4-E24DFECC4026}.AppStore|ARM.Build.0 = Release|ARM
		{90A27AF2-CCF1-4755-85C4-E24DFECC4026}.AppStore|ARM.Deploy.0 = Release|ARM
		{90A27AF2-CCF1-4755-85C4-E24DFECC4026}.AppStore|iPhone.ActiveCfg = Release|x64
		{90A27AF2-CCF1-4755-85C4-E24DFECC4026}.AppStore|iPhone.Build.0 = Release|x64
		{90A27AF2-CCF1-4755-85C4-E24DFECC4026}.AppStore|iPhone.Deploy.0 = Release|x64
		{90A27AF2-CCF1-4755-85C4-E24DFECC4026}.AppStore|iPhoneSimulator.ActiveCfg = Release|x64
		{90A27AF2-CCF1-4755-85C4-E24DFECC4026}.AppStore|iPhoneSimulator.Build.0 = Release|x64
		{90A27AF2-CCF1-4755-85C4-E24DFECC4026}.AppStore|iPhoneSimulator.Deploy.0 = Release|x64
		{90A27AF2-CCF1-4755-85C4-E24DFECC4026}.AppStore|x64.ActiveCfg = Release|x64
		{90A27AF2-CCF1-4755-85C4-E24DFECC4026}.AppStore|x64.Build.0 = Release|x64
		{90A27AF2-CCF1-4755-85C4-E24DFECC4026}.AppStore|x64.Deploy.0 = Release|x64
		{90A27AF2-CCF1-4755-85C4-E24DFECC4026}.AppStore|x86.ActiveCfg = Release|x86
		{90A27AF2-CCF1-4755-85C4-E24DFECC4026}.AppStore|x86.Build.0 = Release|x86
		{90A27AF2-CCF1-4755-85C4-E24DFECC4026}.AppStore|x86.Deploy.0 = Release|x86
		{90A27AF2-CCF1-4755-85C4-E24DFECC4026}.Debug|Any CPU.ActiveCfg = Debug|x86
		{90A27AF2-CCF1-4755-85C4-E24DFECC4026}.Debug|ARM.ActiveCfg = Debug|ARM
		{90A27AF2-CCF1-4755-85C4-E24DFECC4026}.Debug|ARM.Build.0 = Debug|ARM
		{90A27AF2-CCF1-4755-85C4-E24DFECC4026}.Debug|ARM.Deploy.0 = Debug|ARM
		{90A27AF2-CCF1-4755-85C4-E24DFECC4026}.Debug|iPhone.ActiveCfg = Debug|x86
		{90A27AF2-CCF1-4755-85C4-E24DFECC4026}.Debug|iPhoneSimulator.ActiveCfg = Debug|x86
		{90A27AF2-CCF1-4755-85C4-E24DFECC4026}.Debug|x64.ActiveCfg = Debug|x64
		{90A27AF2-CCF1-4755-85C4-E24DFECC4026}.Debug|x64.Build.0 = Debug|x64
		{90A27AF2-CCF1-4755-85C4-E24DFECC4026}.Debug|x64.Deploy.0 = Debug|x64
		{90A27AF2-CCF1-4755-85C4-E24DFECC4026}.Debug|x86.ActiveCfg = Debug|x86
		{90A27AF2-CCF1-4755-85C4-E24DFECC4026}.Debug|x86.Build.0 = Debug|x86
		{90A27AF2-CCF1-4755-85C4-E24DFECC4026}.Debug|x86.Deploy.0 = Debug|x86
		{90A27AF2-CCF1-4755-85C4-E24DFECC4026}.Release|Any CPU.ActiveCfg = Release|x86
		{90A27AF2-CCF1-4755-85C4-E24DFECC4026}.Release|ARM.ActiveCfg = Release|ARM
		{90A27AF2-CCF1-4755-85C4-E24DFECC4026}.Release|ARM.Build.0 = Release|ARM
		{90A27AF2-CCF1-4755-85C4-E24DFECC4026}.Release|ARM.Deploy.0 = Release|ARM
		{90A27AF2-CCF1-4755-85C4-E24DFECC4026}.Release|iPhone.ActiveCfg = Release|x86
		{90A27AF2-CCF1-4755-85C4-E24DFECC4026}.Release|iPhoneSimulator.ActiveCfg = Release|x86
		{90A27AF2-CCF1-4755-85C4-E24DFECC4026}.Release|x64.ActiveCfg = Release|x64
		{90A27AF2-CCF1-4755-85C4-E24DFECC4026}.Release|x64.Build.0 = Release|x64
		{90A27AF2-CCF1-4755-85C4-E24DFECC4026}.Release|x64.Deploy.0 = Release|x64
		{90A27AF2-CCF1-4755-85C4-E24DFECC4026}.Release|x86.ActiveCfg = Release|x86
		{90A27AF2-CCF1-4755-85C4-E24DFECC4026}.Release|x86.Build.0 = Release|x86
		{90A27AF2-CCF1-4755-85C4-E24DFECC4026}.Release|x86.Deploy.0 = Release|x86
		{0603AA48-26A7-4324-B838-C646B3AA88CB}.Ad-Hoc|Any CPU.ActiveCfg = Release|Any CPU
		{0603AA48-26A7-4324-B838-C646B3AA88CB}.Ad-Hoc|Any CPU.Build.0 = Release|Any CPU
		{0603AA48-26A7-4324-B838-C646B3AA88CB}.Ad-Hoc|ARM.ActiveCfg = Release|Any CPU
		{0603AA48-26A7-4324-B838-C646B3AA88CB}.Ad-Hoc|ARM.Build.0 = Release|Any CPU
		{0603AA48-26A7-4324-B838-C646B3AA88CB}.Ad-Hoc|iPhone.ActiveCfg = Release|Any CPU
		{0603AA48-26A7-4324-B838-C646B3AA88CB}.Ad-Hoc|iPhone.Build.0 = Release|Any CPU
		{0603AA48-26A7-4324-B838-C646B3AA88CB}.Ad-Hoc|iPhoneSimulator.ActiveCfg = Release|Any CPU
		{0603AA48-26A7-4324-B838-C646B3AA88CB}.Ad-Hoc|iPhoneSimulator.Build.0 = Release|Any CPU
		{0603AA48-26A7-4324-B838-C646B3AA88CB}.Ad-Hoc|x64.ActiveCfg = Release|Any CPU
		{0603AA48-26A7-4324-B838-C646B3AA88CB}.Ad-Hoc|x64.Build.0 = Release|Any CPU
		{0603AA48-26A7-4324-B838-C646B3AA88CB}.Ad-Hoc|x86.ActiveCfg = Release|Any CPU
		{0603AA48-26A7-4324-B838-C646B3AA88CB}.Ad-Hoc|x86.Build.0 = Release|Any CPU
		{0603AA48-26A7-4324-B838-C646B3AA88CB}.AppStore|Any CPU.ActiveCfg = Release|Any CPU
		{0603AA48-26A7-4324-B838-C646B3AA88CB}.AppStore|Any CPU.Build.0 = Release|Any CPU
		{0603AA48-26A7-4324-B838-C646B3AA88CB}.AppStore|ARM.ActiveCfg = Release|Any CPU
		{0603AA48-26A7-4324-B838-C646B3AA88CB}.AppStore|ARM.Build.0 = Release|Any CPU
		{0603AA48-26A7-4324-B838-C646B3AA88CB}.AppStore|iPhone.ActiveCfg = Release|Any CPU
		{0603AA48-26A7-4324-B838-C646B3AA88CB}.AppStore|iPhone.Build.0 = Release|Any CPU
		{0603AA48-26A7-4324-B838-C646B3AA88CB}.AppStore|iPhoneSimulator.ActiveCfg = Release|Any CPU
		{0603AA48-26A7-4324-B838-C646B3AA88CB}.AppStore|iPhoneSimulator.Build.0 = Release|Any CPU
		{0603AA48-26A7-4324-B838-C646B3AA88CB}.AppStore|x64.ActiveCfg = Release|Any CPU
		{0603AA48-26A7-4324-B838-C646B3AA88CB}.AppStore|x64.Build.0 = Release|Any CPU
		{0603AA48-26A7-4324-B838-C646B3AA88CB}.AppStore|x86.ActiveCfg = Release|Any CPU
		{0603AA48-26A7-4324-B838-C646B3AA88CB}.AppStore|x86.Build.0 = Release|Any CPU
		{0603AA48-26A7-4324-B838-C646B3AA88CB}.Debug|Any CPU.ActiveCfg = Debug|Any CPU
		{0603AA48-26A7-4324-B838-C646B3AA88CB}.Debug|Any CPU.Build.0 = Debug|Any CPU
		{0603AA48-26A7-4324-B838-C646B3AA88CB}.Debug|ARM.ActiveCfg = Debug|Any CPU
		{0603AA48-26A7-4324-B838-C646B3AA88CB}.Debug|ARM.Build.0 = Debug|Any CPU
		{0603AA48-26A7-4324-B838-C646B3AA88CB}.Debug|iPhone.ActiveCfg = Debug|Any CPU
		{0603AA48-26A7-4324-B838-C646B3AA88CB}.Debug|iPhone.Build.0 = Debug|Any CPU
		{0603AA48-26A7-4324-B838-C646B3AA88CB}.Debug|iPhoneSimulator.ActiveCfg = Debug|Any CPU
		{0603AA48-26A7-4324-B838-C646B3AA88CB}.Debug|iPhoneSimulator.Build.0 = Debug|Any CPU
		{0603AA48-26A7-4324-B838-C646B3AA88CB}.Debug|x64.ActiveCfg = Debug|Any CPU
		{0603AA48-26A7-4324-B838-C646B3AA88CB}.Debug|x64.Build.0 = Debug|Any CPU
		{0603AA48-26A7-4324-B838-C646B3AA88CB}.Debug|x86.ActiveCfg = Debug|Any CPU
		{0603AA48-26A7-4324-B838-C646B3AA88CB}.Debug|x86.Build.0 = Debug|Any CPU
		{0603AA48-26A7-4324-B838-C646B3AA88CB}.Release|Any CPU.ActiveCfg = Release|Any CPU
		{0603AA48-26A7-4324-B838-C646B3AA88CB}.Release|Any CPU.Build.0 = Release|Any CPU
		{0603AA48-26A7-4324-B838-C646B3AA88CB}.Release|ARM.ActiveCfg = Release|Any CPU
		{0603AA48-26A7-4324-B838-C646B3AA88CB}.Release|ARM.Build.0 = Release|Any CPU
		{0603AA48-26A7-4324-B838-C646B3AA88CB}.Release|iPhone.ActiveCfg = Release|Any CPU
		{0603AA48-26A7-4324-B838-C646B3AA88CB}.Release|iPhone.Build.0 = Release|Any CPU
		{0603AA48-26A7-4324-B838-C646B3AA88CB}.Release|iPhoneSimulator.ActiveCfg = Release|Any CPU
		{0603AA48-26A7-4324-B838-C646B3AA88CB}.Release|iPhoneSimulator.Build.0 = Release|Any CPU
		{0603AA48-26A7-4324-B838-C646B3AA88CB}.Release|x64.ActiveCfg = Release|Any CPU
		{0603AA48-26A7-4324-B838-C646B3AA88CB}.Release|x64.Build.0 = Release|Any CPU
		{0603AA48-26A7-4324-B838-C646B3AA88CB}.Release|x86.ActiveCfg = Release|Any CPU
		{0603AA48-26A7-4324-B838-C646B3AA88CB}.Release|x86.Build.0 = Release|Any CPU
	EndGlobalSection
	GlobalSection(SolutionProperties) = preSolution
		HideSolutionNode = FALSE
	EndGlobalSection
	GlobalSection(ExtensibilityGlobals) = postSolution
		SolutionGuid = {4D8BD638-DB91-4CA7-A76E-6C904593A683}
	EndGlobalSection
EndGlobal
